{
  "name": "@rm-industries/forge-root",
  "version": "0.0.0",
  "lockfileVersion": 3,
  "requires": true,
  "packages": {
    "": {
      "name": "@rm-industries/forge-root",
      "version": "0.0.0",
      "workspaces": [
        "packages/*"
      ],
      "engines": {
        "node": "^22.12.0 || ^24.0.0 || ^26.0.0",
        "npm": "^10.9.0 || ^11.0.0"
      }
    },
    "node_modules/@rm-industries/content-model": {
      "resolved": "packages/content-model",
      "link": true
    },
    "node_modules/@rm-industries/create-forge": {
      "resolved": "packages/create-forge",
      "link": true
    },
    "packages/content-model": {
      "name": "@rm-industries/content-model",
      "version": "0.0.0",
      "engines": {
        "node": "^22.12.0 || ^24.0.0 || ^26.0.0",
        "npm": "^10.9.0 || ^11.0.0"
      }
    },
    "packages/create-forge": {
      "name": "@rm-industries/create-forge",
      "version": "0.0.0",
      "engines": {
        "node": "^22.12.0 || ^24.0.0 || ^26.0.0",
        "npm": "^10.9.0 || ^11.0.0"
      }
    }
  }
}
